
Microsoft Visual Studio Solution File, Format Version 12.00
# Visual Studio Version 17
VisualStudioVersion = 17.7.34302.85
MinimumVisualStudioVersion = 10.0.40219.1
Project("{9A19103F-16F7-4668-BE54-9A1E7A4F7556}") = "VictorProspero.MoneyExtensions", "MoneyExtension\VictorProspero.MoneyExtensions.csproj", "{9F1B5162-2977-467C-BBBD-37663F939D61}"
EndProject
Project("{9A19103F-16F7-4668-BE54-9A1E7A4F7556}") = "VictorProspero.MoneyExtensions.Tests", "MoneyExtension.Tests\VictorProspero.MoneyExtensions.Tests.csproj", "{616D157A-712F-41FD-AF94-54DEAF028F20}"
EndProject
Project("{2150E333-8FDC-42A3-9474-1A3956D46DE8}") = ".github", ".github", "{142CBBE2-1ABB-41BC-9128-DBC2F7F5A906}"
EndProject
Project("{2150E333-8FDC-42A3-9474-1A3956D46DE8}") = "workflows", "workflows", "{8E89BA3A-D70A-4EF7-9FA0-CD3B8D85978E}"
	ProjectSection(SolutionItems) = preProject
		.github\workflows\main.yml = .github\workflows\main.yml
	EndProjectSection
EndProject
Project("{2150E333-8FDC-42A3-9474-1A3956D46DE8}") = "Media", "Media", "{7B4348CF-613A-4B14-9281-18F9F17A256D}"
	ProjectSection(SolutionItems) = preProject
		Media\FOTO.JPG = Media\FOTO.JPG
	EndProjectSection
EndProject
Global
	GlobalSection(SolutionConfigurationPlatforms) = preSolution
		Debug|Any CPU = Debug|Any CPU
		Release|Any CPU = Release|Any CPU
	EndGlobalSection
	GlobalSection(ProjectConfigurationPlatforms) = postSolution
		{9F1B5162-2977-467C-BBBD-37663F939D61}.Debug|Any CPU.ActiveCfg = Debug|Any CPU
		{9F1B5162-2977-467C-BBBD-37663F939D61}.Debug|Any CPU.Build.0 = Debug|Any CPU
		{9F1B5162-2977-467C-BBBD-37663F939D61}.Release|Any CPU.ActiveCfg = Release|Any CPU
		{9F1B5162-2977-467C-BBBD-37663F939D61}.Release|Any CPU.Build.0 = Release|Any CPU
		{616D157A-712F-41FD-AF94-54DEAF028F20}.Debug|Any CPU.ActiveCfg = Debug|Any CPU
		{616D157A-712F-41FD-AF94-54DEAF028F20}.Debug|Any CPU.Build.0 = Debug|Any CPU
		{616D157A-712F-41FD-AF94-54DEAF028F20}.Release|Any CPU.ActiveCfg = Release|Any CPU
		{616D157A-712F-41FD-AF94-54DEAF028F20}.Release|Any CPU.Build.0 = Release|Any CPU
	EndGlobalSection
	GlobalSection(SolutionProperties) = preSolution
		HideSolutionNode = FALSE
	EndGlobalSection
	GlobalSection(NestedProjects) = preSolution
		{8E89BA3A-D70A-4EF7-9FA0-CD3B8D85978E} = {142CBBE2-1ABB-41BC-9128-DBC2F7F5A906}
	EndGlobalSection
	GlobalSection(ExtensibilityGlobals) = postSolution
		SolutionGuid = {C5343644-8E62-44B1-9795-C79F95AB0756}
	EndGlobalSection
EndGlobal
